
Microsoft Visual Studio Solution File, Format Version 12.00
# Visual Studio Version 16
VisualStudioVersion = 16.0.30011.22
MinimumVisualStudioVersion = 10.0.40219.1
Project("{FAE04EC0-301F-11D3-BF4B-00C04F79EFBC}") = "UITestProjeTrendyol", "UITestProjeTrendyol\UITestProjeTrendyol.csproj", "{0C322926-9CED-4D72-86F5-E6DF7F8614CA}"
EndProject
Global
	GlobalSection(SolutionConfigurationPlatforms) = preSolution
		Debug|Any CPU = Debug|Any CPU
		Release|Any CPU = Release|Any CPU
	EndGlobalSection
	GlobalSection(ProjectConfigurationPlatforms) = postSolution
		{0C322926-9CED-4D72-86F5-E6DF7F8614CA}.Debug|Any CPU.ActiveCfg = Debug|Any CPU
		{0C322926-9CED-4D72-86F5-E6DF7F8614CA}.Debug|Any CPU.Build.0 = Debug|Any CPU
		{0C322926-9CED-4D72-86F5-E6DF7F8614CA}.Release|Any CPU.ActiveCfg = Release|Any CPU
		{0C322926-9CED-4D72-86F5-E6DF7F8614CA}.Release|Any CPU.Build.0 = Release|Any CPU
	EndGlobalSection
	GlobalSection(SolutionProperties) = preSolution
		HideSolutionNode = FALSE
	EndGlobalSection
	GlobalSection(ExtensibilityGlobals) = postSolution
		SolutionGuid = {364D02C5-AEDA-4CA9-BEC0-D60474C2F303}
	EndGlobalSection
EndGlobal
